// !$*UTF8*$!
{
	archiveVersion = 1;
	classes = {
	};
	objectVersion = 46;
	objects = {

/* Begin PBXBuildFile section */
		4CC03BF659A29AFAA92D100B /* libPods-TaipeiParks.a in Frameworks */ = {isa = PBXBuildFile; fileRef = 4582D031B66A2F7A8E0B1C3F /* libPods-TaipeiParks.a */; };
		564AB626207A15E900274D3A /* taiwan-default.jpg in Resources */ = {isa = PBXBuildFile; fileRef = 564AB625207A15E900274D3A /* taiwan-default.jpg */; };
		564AB64D207A722200274D3A /* TaipeiParkSpotDetailViewController.m in Sources */ = {isa = PBXBuildFile; fileRef = 564AB64C207A722200274D3A /* TaipeiParkSpotDetailViewController.m */; };
		564AB658207A72B000274D3A /* OtherSpotCollectionViewCell.m in Sources */ = {isa = PBXBuildFile; fileRef = 564AB655207A72B000274D3A /* OtherSpotCollectionViewCell.m */; };
		564AB659207A72B100274D3A /* SpotTableViewCell.m in Sources */ = {isa = PBXBuildFile; fileRef = 564AB657207A72B000274D3A /* SpotTableViewCell.m */; };
		56D5E57920F6070600A84563 /* AppCoordinator.m in Sources */ = {isa = PBXBuildFile; fileRef = 56D5E57820F6070600A84563 /* AppCoordinator.m */; };
		56D5E57D20F60FF800A84563 /* TaipeiParkSpotViewModel.m in Sources */ = {isa = PBXBuildFile; fileRef = 56D5E57C20F60FF800A84563 /* TaipeiParkSpotViewModel.m */; };
		56D5E57F20F6115900A84563 /* TaipeiParkSpotCoordinator.m in Sources */ = {isa = PBXBuildFile; fileRef = 56D5E57E20F6115900A84563 /* TaipeiParkSpotCoordinator.m */; };
		56D5E58320F6123300A84563 /* TaipeiParkSpotInteractor.m in Sources */ = {isa = PBXBuildFile; fileRef = 56D5E58220F6123300A84563 /* TaipeiParkSpotInteractor.m */; };
		56D5E58520F621DC00A84563 /* SpotTableCellViewModel.m in Sources */ = {isa = PBXBuildFile; fileRef = 56D5E58420F621DC00A84563 /* SpotTableCellViewModel.m */; };
		56D5E58920F64EF500A84563 /* TaipeiParkSpotDetailViewModel.m in Sources */ = {isa = PBXBuildFile; fileRef = 56D5E58820F64EF500A84563 /* TaipeiParkSpotDetailViewModel.m */; };
		56D5E58F20F651E700A84563 /* TaipeiParkSpotDetailCoordinator.m in Sources */ = {isa = PBXBuildFile; fileRef = 56D5E58E20F651E700A84563 /* TaipeiParkSpotDetailCoordinator.m */; };
		56D5ECCF2075F1DD004C6575 /* main.m in Sources */ = {isa = PBXBuildFile; fileRef = 56D5ECCE2075F1DD004C6575 /* main.m */; };
		56D5ECD22075F1DD004C6575 /* AppDelegate.m in Sources */ = {isa = PBXBuildFile; fileRef = 56D5ECD12075F1DD004C6575 /* AppDelegate.m */; };
		56D5ECD82075F1DD004C6575 /* Main.storyboard in Resources */ = {isa = PBXBuildFile; fileRef = 56D5ECD62075F1DD004C6575 /* Main.storyboard */; };
		56D5ECDA2075F1DD004C6575 /* Assets.xcassets in Resources */ = {isa = PBXBuildFile; fileRef = 56D5ECD92075F1DD004C6575 /* Assets.xcassets */; };
		56D5ECDD2075F1DD004C6575 /* LaunchScreen.storyboard in Resources */ = {isa = PBXBuildFile; fileRef = 56D5ECDB2075F1DD004C6575 /* LaunchScreen.storyboard */; };
		56D5ECEA20777C03004C6575 /* TaipeiParkSpots.m in Sources */ = {isa = PBXBuildFile; fileRef = 56D5ECE920777C03004C6575 /* TaipeiParkSpots.m */; };
		56D5ECEF20786DD6004C6575 /* TaipeiParkSpotViewController.m in Sources */ = {isa = PBXBuildFile; fileRef = 56D5ECEE20786DD6004C6575 /* TaipeiParkSpotViewController.m */; };
		5778173F207B109D0029035A /* TaipeiParkSpotDataManager.m in Sources */ = {isa = PBXBuildFile; fileRef = 5778173C207B109D0029035A /* TaipeiParkSpotDataManager.m */; };
		57781740207B109D0029035A /* AFNManager.m in Sources */ = {isa = PBXBuildFile; fileRef = 5778173E207B109D0029035A /* AFNManager.m */; };
/* End PBXBuildFile section */

/* Begin PBXFileReference section */
		1572FAECE87B3AB948E953FB /* Pods-TaipeiParks.release.xcconfig */ = {isa = PBXFileReference; includeInIndex = 1; lastKnownFileType = text.xcconfig; name = "Pods-TaipeiParks.release.xcconfig"; path = "Pods/Target Support Files/Pods-TaipeiParks/Pods-TaipeiParks.release.xcconfig"; sourceTree = "<group>"; };
		4386C1B05D607B81EC7B75EE /* Pods-TaipeiParks.debug.xcconfig */ = {isa = PBXFileReference; includeInIndex = 1; lastKnownFileType = text.xcconfig; name = "Pods-TaipeiParks.debug.xcconfig"; path = "Pods/Target Support Files/Pods-TaipeiParks/Pods-TaipeiParks.debug.xcconfig"; sourceTree = "<group>"; };
		4582D031B66A2F7A8E0B1C3F /* libPods-TaipeiParks.a */ = {isa = PBXFileReference; explicitFileType = archive.ar; includeInIndex = 0; path = "libPods-TaipeiParks.a"; sourceTree = BUILT_PRODUCTS_DIR; };
		564AB625207A15E900274D3A /* taiwan-default.jpg */ = {isa = PBXFileReference; lastKnownFileType = image.jpeg; path = "taiwan-default.jpg"; sourceTree = "<group>"; };
		564AB64B207A722200274D3A /* TaipeiParkSpotDetailViewController.h */ = {isa = PBXFileReference; fileEncoding = 4; lastKnownFileType = sourcecode.c.h; path = TaipeiParkSpotDetailViewController.h; sourceTree = "<group>"; };
		564AB64C207A722200274D3A /* TaipeiParkSpotDetailViewController.m */ = {isa = PBXFileReference; fileEncoding = 4; lastKnownFileType = sourcecode.c.objc; path = TaipeiParkSpotDetailViewController.m; sourceTree = "<group>"; };
		564AB654207A72B000274D3A /* OtherSpotCollectionViewCell.h */ = {isa = PBXFileReference; fileEncoding = 4; lastKnownFileType = sourcecode.c.h; name = OtherSpotCollectionViewCell.h; path = Model/OtherSpotCollectionViewCell.h; sourceTree = "<group>"; };
		564AB655207A72B000274D3A /* OtherSpotCollectionViewCell.m */ = {isa = PBXFileReference; fileEncoding = 4; lastKnownFileType = sourcecode.c.objc; name = OtherSpotCollectionViewCell.m; path = Model/OtherSpotCollectionViewCell.m; sourceTree = "<group>"; };
		564AB656207A72B000274D3A /* SpotTableViewCell.h */ = {isa = PBXFileReference; fileEncoding = 4; lastKnownFileType = sourcecode.c.h; name = SpotTableViewCell.h; path = Model/SpotTableViewCell.h; sourceTree = "<group>"; };
		564AB657207A72B000274D3A /* SpotTableViewCell.m */ = {isa = PBXFileReference; fileEncoding = 4; lastKnownFileType = sourcecode.c.objc; name = SpotTableViewCell.m; path = Model/SpotTableViewCell.m; sourceTree = "<group>"; };
		56D5E57820F6070600A84563 /* AppCoordinator.m */ = {isa = PBXFileReference; lastKnownFileType = sourcecode.c.objc; path = AppCoordinator.m; sourceTree = "<group>"; };
		56D5E57A20F6072900A84563 /* AppCoordinator.h */ = {isa = PBXFileReference; lastKnownFileType = sourcecode.c.h; path = AppCoordinator.h; sourceTree = "<group>"; };
		56D5E57B20F60FEE00A84563 /* TaipeiParkSpotViewModel.h */ = {isa = PBXFileReference; lastKnownFileType = sourcecode.c.h; path = TaipeiParkSpotViewModel.h; sourceTree = "<group>"; };
		56D5E57C20F60FF800A84563 /* TaipeiParkSpotViewModel.m */ = {isa = PBXFileReference; lastKnownFileType = sourcecode.c.objc; path = TaipeiParkSpotViewModel.m; sourceTree = "<group>"; };
		56D5E57E20F6115900A84563 /* TaipeiParkSpotCoordinator.m */ = {isa = PBXFileReference; lastKnownFileType = sourcecode.c.objc; path = TaipeiParkSpotCoordinator.m; sourceTree = "<group>"; };
		56D5E58020F6116500A84563 /* TaipeiParkSpotCoordinator.h */ = {isa = PBXFileReference; lastKnownFileType = sourcecode.c.h; path = TaipeiParkSpotCoordinator.h; sourceTree = "<group>"; };
		56D5E58120F6122700A84563 /* TaipeiParkSpotInteractor.h */ = {isa = PBXFileReference; lastKnownFileType = sourcecode.c.h; path = TaipeiParkSpotInteractor.h; sourceTree = "<group>"; };
		56D5E58220F6123300A84563 /* TaipeiParkSpotInteractor.m */ = {isa = PBXFileReference; lastKnownFileType = sourcecode.c.objc; path = TaipeiParkSpotInteractor.m; sourceTree = "<group>"; };
		56D5E58420F621DC00A84563 /* SpotTableCellViewModel.m */ = {isa = PBXFileReference; lastKnownFileType = sourcecode.c.objc; path = SpotTableCellViewModel.m; sourceTree = "<group>"; };
		56D5E58620F621E800A84563 /* SpotTableCellViewModel.h */ = {isa = PBXFileReference; lastKnownFileType = sourcecode.c.h; path = SpotTableCellViewModel.h; sourceTree = "<group>"; };
		56D5E58720F64EE800A84563 /* TaipeiParkSpotDetailViewModel.h */ = {isa = PBXFileReference; lastKnownFileType = sourcecode.c.h; path = TaipeiParkSpotDetailViewModel.h; sourceTree = "<group>"; };
		56D5E58820F64EF500A84563 /* TaipeiParkSpotDetailViewModel.m */ = {isa = PBXFileReference; lastKnownFileType = sourcecode.c.objc; path = TaipeiParkSpotDetailViewModel.m; sourceTree = "<group>"; };
		56D5E58D20F651DC00A84563 /* TaipeiParkSpotDetailCoordinator.h */ = {isa = PBXFileReference; lastKnownFileType = sourcecode.c.h; path = TaipeiParkSpotDetailCoordinator.h; sourceTree = "<group>"; };
		56D5E58E20F651E700A84563 /* TaipeiParkSpotDetailCoordinator.m */ = {isa = PBXFileReference; lastKnownFileType = sourcecode.c.objc; path = TaipeiParkSpotDetailCoordinator.m; sourceTree = "<group>"; };
		56D5ECCA2075F1DD004C6575 /* TaipeiParks.app */ = {isa = PBXFileReference; explicitFileType = wrapper.application; includeInIndex = 0; path = TaipeiParks.app; sourceTree = BUILT_PRODUCTS_DIR; };
		56D5ECCE2075F1DD004C6575 /* main.m */ = {isa = PBXFileReference; lastKnownFileType = sourcecode.c.objc; path = main.m; sourceTree = "<group>"; };
		56D5ECD02075F1DD004C6575 /* AppDelegate.h */ = {isa = PBXFileReference; lastKnownFileType = sourcecode.c.h; path = AppDelegate.h; sourceTree = "<group>"; };
		56D5ECD12075F1DD004C6575 /* AppDelegate.m */ = {isa = PBXFileReference; lastKnownFileType = sourcecode.c.objc; path = AppDelegate.m; sourceTree = "<group>"; };
		56D5ECD72075F1DD004C6575 /* Base */ = {isa = PBXFileReference; lastKnownFileType = file.storyboard; name = Base; path = Base.lproj/Main.storyboard; sourceTree = "<group>"; };
		56D5ECD92075F1DD004C6575 /* Assets.xcassets */ = {isa = PBXFileReference; lastKnownFileType = folder.assetcatalog; path = Assets.xcassets; sourceTree = "<group>"; };
		56D5ECDC2075F1DD004C6575 /* Base */ = {isa = PBXFileReference; lastKnownFileType = file.storyboard; name = Base; path = Base.lproj/LaunchScreen.storyboard; sourceTree = "<group>"; };
		56D5ECDE2075F1DD004C6575 /* Info.plist */ = {isa = PBXFileReference; lastKnownFileType = text.plist.xml; path = Info.plist; sourceTree = "<group>"; };
		56D5ECE820777BF2004C6575 /* TaipeiParkSpots.h */ = {isa = PBXFileReference; lastKnownFileType = sourcecode.c.h; name = TaipeiParkSpots.h; path = Model/TaipeiParkSpots.h; sourceTree = "<group>"; };
		56D5ECE920777C03004C6575 /* TaipeiParkSpots.m */ = {isa = PBXFileReference; fileEncoding = 4; lastKnownFileType = sourcecode.c.objc; name = TaipeiParkSpots.m; path = Model/TaipeiParkSpots.m; sourceTree = "<group>"; };
		56D5ECED20786DC5004C6575 /* TaipeiParkSpotViewController.h */ = {isa = PBXFileReference; lastKnownFileType = sourcecode.c.h; path = TaipeiParkSpotViewController.h; sourceTree = "<group>"; };
		56D5ECEE20786DD6004C6575 /* TaipeiParkSpotViewController.m */ = {isa = PBXFileReference; fileEncoding = 4; lastKnownFileType = sourcecode.c.objc; path = TaipeiParkSpotViewController.m; sourceTree = "<group>"; };
		5778173B207B109D0029035A /* TaipeiParkSpotDataManager.h */ = {isa = PBXFileReference; fileEncoding = 4; lastKnownFileType = sourcecode.c.h; name = TaipeiParkSpotDataManager.h; path = Manager/TaipeiParkSpotDataManager.h; sourceTree = "<group>"; };
		5778173C207B109D0029035A /* TaipeiParkSpotDataManager.m */ = {isa = PBXFileReference; fileEncoding = 4; lastKnownFileType = sourcecode.c.objc; name = TaipeiParkSpotDataManager.m; path = Manager/TaipeiParkSpotDataManager.m; sourceTree = "<group>"; };
		5778173D207B109D0029035A /* AFNManager.h */ = {isa = PBXFileReference; fileEncoding = 4; lastKnownFileType = sourcecode.c.h; name = AFNManager.h; path = Manager/AFNManager.h; sourceTree = "<group>"; };
		5778173E207B109D0029035A /* AFNManager.m */ = {isa = PBXFileReference; fileEncoding = 4; lastKnownFileType = sourcecode.c.objc; name = AFNManager.m; path = Manager/AFNManager.m; sourceTree = "<group>"; };
/* End PBXFileReference section */

/* Begin PBXFrameworksBuildPhase section */
		56D5ECC72075F1DC004C6575 /* Frameworks */ = {
			isa = PBXFrameworksBuildPhase;
			buildActionMask = 2147483647;
			files = (
				4CC03BF659A29AFAA92D100B /* libPods-TaipeiParks.a in Frameworks */,
			);
			runOnlyForDeploymentPostprocessing = 0;
		};
/* End PBXFrameworksBuildPhase section */

/* Begin PBXGroup section */
		56D5ECC12075F1DC004C6575 = {
			isa = PBXGroup;
			children = (
				56D5ECCC2075F1DD004C6575 /* TaipeiParks */,
				56D5ECCB2075F1DD004C6575 /* Products */,
				AC3E67278046D3C0236BFB0D /* Pods */,
				A6697A20DB103ABD356E3F55 /* Frameworks */,
			);
			sourceTree = "<group>";
		};
		56D5ECCB2075F1DD004C6575 /* Products */ = {
			isa = PBXGroup;
			children = (
				56D5ECCA2075F1DD004C6575 /* TaipeiParks.app */,
			);
			name = Products;
			sourceTree = "<group>";
		};
		56D5ECCC2075F1DD004C6575 /* TaipeiParks */ = {
			isa = PBXGroup;
			children = (
				5778173A207B10480029035A /* Manager */,
				56D5ECED20786DC5004C6575 /* TaipeiParkSpotViewController.h */,
				56D5ECEE20786DD6004C6575 /* TaipeiParkSpotViewController.m */,
				564AB64B207A722200274D3A /* TaipeiParkSpotDetailViewController.h */,
				564AB64C207A722200274D3A /* TaipeiParkSpotDetailViewController.m */,
				56D5ECE720777863004C6575 /* Model */,
				56D5ECD02075F1DD004C6575 /* AppDelegate.h */,
				56D5ECD12075F1DD004C6575 /* AppDelegate.m */,
				56D5ECD62075F1DD004C6575 /* Main.storyboard */,
				56D5ECD92075F1DD004C6575 /* Assets.xcassets */,
				56D5ECDB2075F1DD004C6575 /* LaunchScreen.storyboard */,
				56D5ECDE2075F1DD004C6575 /* Info.plist */,
				56D5ECCD2075F1DD004C6575 /* Supporting Files */,
				56D5E57820F6070600A84563 /* AppCoordinator.m */,
				56D5E57A20F6072900A84563 /* AppCoordinator.h */,
				56D5E57B20F60FEE00A84563 /* TaipeiParkSpotViewModel.h */,
				56D5E57C20F60FF800A84563 /* TaipeiParkSpotViewModel.m */,
				56D5E57E20F6115900A84563 /* TaipeiParkSpotCoordinator.m */,
				56D5E58020F6116500A84563 /* TaipeiParkSpotCoordinator.h */,
				56D5E58120F6122700A84563 /* TaipeiParkSpotInteractor.h */,
				56D5E58220F6123300A84563 /* TaipeiParkSpotInteractor.m */,
				56D5E58420F621DC00A84563 /* SpotTableCellViewModel.m */,
				56D5E58620F621E800A84563 /* SpotTableCellViewModel.h */,
				56D5E58720F64EE800A84563 /* TaipeiParkSpotDetailViewModel.h */,
				56D5E58820F64EF500A84563 /* TaipeiParkSpotDetailViewModel.m */,
				56D5E58D20F651DC00A84563 /* TaipeiParkSpotDetailCoordinator.h */,
				56D5E58E20F651E700A84563 /* TaipeiParkSpotDetailCoordinator.m */,
			);
			path = TaipeiParks;
			sourceTree = "<group>";
		};
		56D5ECCD2075F1DD004C6575 /* Supporting Files */ = {
			isa = PBXGroup;
			children = (
				56D5ECCE2075F1DD004C6575 /* main.m */,
			);
			name = "Supporting Files";
			sourceTree = "<group>";
		};
		56D5ECE720777863004C6575 /* Model */ = {
			isa = PBXGroup;
			children = (
				564AB625207A15E900274D3A /* taiwan-default.jpg */,
				564AB654207A72B000274D3A /* OtherSpotCollectionViewCell.h */,
				564AB655207A72B000274D3A /* OtherSpotCollectionViewCell.m */,
				564AB656207A72B000274D3A /* SpotTableViewCell.h */,
				564AB657207A72B000274D3A /* SpotTableViewCell.m */,
				56D5ECE820777BF2004C6575 /* TaipeiParkSpots.h */,
				56D5ECE920777C03004C6575 /* TaipeiParkSpots.m */,
			);
			name = Model;
			sourceTree = "<group>";
		};
		5778173A207B10480029035A /* Manager */ = {
			isa = PBXGroup;
			children = (
				5778173D207B109D0029035A /* AFNManager.h */,
				5778173E207B109D0029035A /* AFNManager.m */,
				5778173B207B109D0029035A /* TaipeiParkSpotDataManager.h */,
				5778173C207B109D0029035A /* TaipeiParkSpotDataManager.m */,
			);
			name = Manager;
			sourceTree = "<group>";
		};
		A6697A20DB103ABD356E3F55 /* Frameworks */ = {
			isa = PBXGroup;
			children = (
				4582D031B66A2F7A8E0B1C3F /* libPods-TaipeiParks.a */,
			);
			name = Frameworks;
			sourceTree = "<group>";
		};
		AC3E67278046D3C0236BFB0D /* Pods */ = {
			isa = PBXGroup;
			children = (
				4386C1B05D607B81EC7B75EE /* Pods-TaipeiParks.debug.xcconfig */,
				1572FAECE87B3AB948E953FB /* Pods-TaipeiParks.release.xcconfig */,
			);
			name = Pods;
			sourceTree = "<group>";
		};
/* End PBXGroup section */

/* Begin PBXNativeTarget section */
		56D5ECC92075F1DC004C6575 /* TaipeiParks */ = {
			isa = PBXNativeTarget;
			buildConfigurationList = 56D5ECE12075F1DD004C6575 /* Build configuration list for PBXNativeTarget "TaipeiParks" */;
			buildPhases = (
				9B0A096636B8BA714C31A6BD /* [CP] Check Pods Manifest.lock */,
				56D5ECC62075F1DC004C6575 /* Sources */,
				56D5ECC72075F1DC004C6575 /* Frameworks */,
				56D5ECC82075F1DC004C6575 /* Resources */,
			);
			buildRules = (
			);
			dependencies = (
			);
			name = TaipeiParks;
			productName = TaipeiParks;
			productReference = 56D5ECCA2075F1DD004C6575 /* TaipeiParks.app */;
			productType = "com.apple.product-type.application";
		};
/* End PBXNativeTarget section */

/* Begin PBXProject section */
		56D5ECC22075F1DC004C6575 /* Project object */ = {
			isa = PBXProject;
			attributes = {
				LastUpgradeCheck = 0930;
				ORGANIZATIONNAME = VerntyChang;
				TargetAttributes = {
					56D5ECC92075F1DC004C6575 = {
						CreatedOnToolsVersion = 8.2.1;
						DevelopmentTeam = C4QUM9F4K5;
						ProvisioningStyle = Automatic;
					};
				};
			};
			buildConfigurationList = 56D5ECC52075F1DC004C6575 /* Build configuration list for PBXProject "TaipeiParks" */;
			compatibilityVersion = "Xcode 3.2";
			developmentRegion = English;
			hasScannedForEncodings = 0;
			knownRegions = (
				en,
				Base,
			);
			mainGroup = 56D5ECC12075F1DC004C6575;
			productRefGroup = 56D5ECCB2075F1DD004C6575 /* Products */;
			projectDirPath = "";
			projectRoot = "";
			targets = (
				56D5ECC92075F1DC004C6575 /* TaipeiParks */,
			);
		};
/* End PBXProject section */

/* Begin PBXResourcesBuildPhase section */
		56D5ECC82075F1DC004C6575 /* Resources */ = {
			isa = PBXResourcesBuildPhase;
			buildActionMask = 2147483647;
			files = (
				56D5ECDD2075F1DD004C6575 /* LaunchScreen.storyboard in Resources */,
				56D5ECDA2075F1DD004C6575 /* Assets.xcassets in Resources */,
				56D5ECD82075F1DD004C6575 /* Main.storyboard in Resources */,
				564AB626207A15E900274D3A /* taiwan-default.jpg in Resources */,
			);
			runOnlyForDeploymentPostprocessing = 0;
		};
/* End PBXResourcesBuildPhase section */

/* Begin PBXShellScriptBuildPhase section */
		9B0A096636B8BA714C31A6BD /* [CP] Check Pods Manifest.lock */ = {
			isa = PBXShellScriptBuildPhase;
			buildActionMask = 2147483647;
			files = (
			);
			inputPaths = (
				"${PODS_PODFILE_DIR_PATH}/Podfile.lock",
				"${PODS_ROOT}/Manifest.lock",
			);
			name = "[CP] Check Pods Manifest.lock";
			outputPaths = (
				"$(DERIVED_FILE_DIR)/Pods-TaipeiParks-checkManifestLockResult.txt",
			);
			runOnlyForDeploymentPostprocessing = 0;
			shellPath = /bin/sh;
			shellScript = "diff \"${PODS_PODFILE_DIR_PATH}/Podfile.lock\" \"${PODS_ROOT}/Manifest.lock\" > /dev/null\nif [ $? != 0 ] ; then\n    # print error to STDERR\n    echo \"error: The sandbox is not in sync with the Podfile.lock. Run 'pod install' or update your CocoaPods installation.\" >&2\n    exit 1\nfi\n# This output is used by Xcode 'outputs' to avoid re-running this script phase.\necho \"SUCCESS\" > \"${SCRIPT_OUTPUT_FILE_0}\"\n";
			showEnvVarsInLog = 0;
		};
/* End PBXShellScriptBuildPhase section */

/* Begin PBXSourcesBuildPhase section */
		56D5ECC62075F1DC004C6575 /* Sources */ = {
			isa = PBXSourcesBuildPhase;
			buildActionMask = 2147483647;
			files = (
				57781740207B109D0029035A /* AFNManager.m in Sources */,
				56D5E58520F621DC00A84563 /* SpotTableCellViewModel.m in Sources */,
				56D5ECEF20786DD6004C6575 /* TaipeiParkSpotViewController.m in Sources */,
				56D5E57F20F6115900A84563 /* TaipeiParkSpotCoordinator.m in Sources */,
				56D5E57920F6070600A84563 /* AppCoordinator.m in Sources */,
				564AB64D207A722200274D3A /* TaipeiParkSpotDetailViewController.m in Sources */,
				56D5ECD22075F1DD004C6575 /* AppDelegate.m in Sources */,
				5778173F207B109D0029035A /* TaipeiParkSpotDataManager.m in Sources */,
				56D5ECCF2075F1DD004C6575 /* main.m in Sources */,
				56D5E58F20F651E700A84563 /* TaipeiParkSpotDetailCoordinator.m in Sources */,
				56D5ECEA20777C03004C6575 /* TaipeiParkSpots.m in Sources */,
				56D5E58920F64EF500A84563 /* TaipeiParkSpotDetailViewModel.m in Sources */,
				564AB659207A72B100274D3A /* SpotTableViewCell.m in Sources */,
				56D5E57D20F60FF800A84563 /* TaipeiParkSpotViewModel.m in Sources */,
				564AB658207A72B000274D3A /* OtherSpotCollectionViewCell.m in Sources */,
				56D5E58320F6123300A84563 /* TaipeiParkSpotInteractor.m in Sources */,
			);
			runOnlyForDeploymentPostprocessing = 0;
		};
/* End PBXSourcesBuildPhase section */

/* Begin PBXVariantGroup section */
		56D5ECD62075F1DD004C6575 /* Main.storyboard */ = {
			isa = PBXVariantGroup;
			children = (
				56D5ECD72075F1DD004C6575 /* Base */,
			);
			name = Main.storyboard;
			sourceTree = "<group>";
		};
		56D5ECDB2075F1DD004C6575 /* LaunchScreen.storyboard */ = {
			isa = PBXVariantGroup;
			children = (
				56D5ECDC2075F1DD004C6575 /* Base */,
			);
			name = LaunchScreen.storyboard;
			sourceTree = "<group>";
		};
/* End PBXVariantGroup section */

/* Begin XCBuildConfiguration section */
		56D5ECDF2075F1DD004C6575 /* Debug */ = {
			isa = XCBuildConfiguration;
			buildSettings = {
				ALWAYS_SEARCH_USER_PATHS = NO;
				CLANG_ANALYZER_NONNULL = YES;
				CLANG_CXX_LANGUAGE_STANDARD = "gnu++0x";
				CLANG_CXX_LIBRARY = "libc++";
				CLANG_ENABLE_MODULES = YES;
				CLANG_ENABLE_OBJC_ARC = YES;
				CLANG_WARN_BLOCK_CAPTURE_AUTORELEASING = YES;
				CLANG_WARN_BOOL_CONVERSION = YES;
				CLANG_WARN_COMMA = YES;
				CLANG_WARN_CONSTANT_CONVERSION = YES;
				CLANG_WARN_DEPRECATED_OBJC_IMPLEMENTATIONS = YES;
				CLANG_WARN_DIRECT_OBJC_ISA_USAGE = YES_ERROR;
				CLANG_WARN_DOCUMENTATION_COMMENTS = YES;
				CLANG_WARN_EMPTY_BODY = YES;
				CLANG_WARN_ENUM_CONVERSION = YES;
				CLANG_WARN_INFINITE_RECURSION = YES;
				CLANG_WARN_INT_CONVERSION = YES;
				CLANG_WARN_NON_LITERAL_NULL_CONVERSION = YES;
				CLANG_WARN_OBJC_IMPLICIT_RETAIN_SELF = YES;
				CLANG_WARN_OBJC_LITERAL_CONVERSION = YES;
				CLANG_WARN_OBJC_ROOT_CLASS = YES_ERROR;
				CLANG_WARN_RANGE_LOOP_ANALYSIS = YES;
				CLANG_WARN_STRICT_PROTOTYPES = YES;
				CLANG_WARN_SUSPICIOUS_MOVE = YES;
				CLANG_WARN_UNREACHABLE_CODE = YES;
				CLANG_WARN__DUPLICATE_METHOD_MATCH = YES;
				"CODE_SIGN_IDENTITY[sdk=iphoneos*]" = "iPhone Developer";
				COPY_PHASE_STRIP = NO;
				DEBUG_INFORMATION_FORMAT = dwarf;
				ENABLE_STRICT_OBJC_MSGSEND = YES;
				ENABLE_TESTABILITY = YES;
				GCC_C_LANGUAGE_STANDARD = gnu99;
				GCC_DYNAMIC_NO_PIC = NO;
				GCC_NO_COMMON_BLOCKS = YES;
				GCC_OPTIMIZATION_LEVEL = 0;
				GCC_PREPROCESSOR_DEFINITIONS = (
					"DEBUG=1",
					"$(inherited)",
				);
				GCC_WARN_64_TO_32_BIT_CONVERSION = YES;
				GCC_WARN_ABOUT_RETURN_TYPE = YES_ERROR;
				GCC_WARN_UNDECLARED_SELECTOR = YES;
				GCC_WARN_UNINITIALIZED_AUTOS = YES_AGGRESSIVE;
				GCC_WARN_UNUSED_FUNCTION = YES;
				GCC_WARN_UNUSED_VARIABLE = YES;
				IPHONEOS_DEPLOYMENT_TARGET = 9.0;
				MTL_ENABLE_DEBUG_INFO = YES;
				ONLY_ACTIVE_ARCH = YES;
				SDKROOT = iphoneos;
			};
			name = Debug;
		};
		56D5ECE02075F1DD004C6575 /* Release */ = {
			isa = XCBuildConfiguration;
			buildSettings = {
				ALWAYS_SEARCH_USER_PATHS = NO;
				CLANG_ANALYZER_NONNULL = YES;
				CLANG_CXX_LANGUAGE_STANDARD = "gnu++0x";
				CLANG_CXX_LIBRARY = "libc++";
				CLANG_ENABLE_MODULES = YES;
				CLANG_ENABLE_OBJC_ARC = YES;
				CLANG_WARN_BLOCK_CAPTURE_AUTORELEASING = YES;
				CLANG_WARN_BOOL_CONVERSION = YES;
				CLANG_WARN_COMMA = YES;
				CLANG_WARN_CONSTANT_CONVERSION = YES;
				CLANG_WARN_DEPRECATED_OBJC_IMPLEMENTATIONS = YES;
				CLANG_WARN_DIRECT_OBJC_ISA_USAGE = YES_ERROR;
				CLANG_WARN_DOCUMENTATION_COMMENTS = YES;
				CLANG_WARN_EMPTY_BODY = YES;
				CLANG_WARN_ENUM_CONVERSION = YES;
				CLANG_WARN_INFINITE_RECURSION = YES;
				CLANG_WARN_INT_CONVERSION = YES;
				CLANG_WARN_NON_LITERAL_NULL_CONVERSION = YES;
				CLANG_WARN_OBJC_IMPLICIT_RETAIN_SELF = YES;
				CLANG_WARN_OBJC_LITERAL_CONVERSION = YES;
				CLANG_WARN_OBJC_ROOT_CLASS = YES_ERROR;
				CLANG_WARN_RANGE_LOOP_ANALYSIS = YES;
				CLANG_WARN_STRICT_PROTOTYPES = YES;
				CLANG_WARN_SUSPICIOUS_MOVE = YES;
				CLANG_WARN_UNREACHABLE_CODE = YES;
				CLANG_WARN__DUPLICATE_METHOD_MATCH = YES;
				"CODE_SIGN_IDENTITY[sdk=iphoneos*]" = "iPhone Developer";
				COPY_PHASE_STRIP = NO;
				DEBUG_INFORMATION_FORMAT = "dwarf-with-dsym";
				ENABLE_NS_ASSERTIONS = NO;
				ENABLE_STRICT_OBJC_MSGSEND = YES;
				GCC_C_LANGUAGE_STANDARD = gnu99;
				GCC_NO_COMMON_BLOCKS = YES;
				GCC_WARN_64_TO_32_BIT_CONVERSION = YES;
				GCC_WARN_ABOUT_RETURN_TYPE = YES_ERROR;
				GCC_WARN_UNDECLARED_SELECTOR = YES;
				GCC_WARN_UNINITIALIZED_AUTOS = YES_AGGRESSIVE;
				GCC_WARN_UNUSED_FUNCTION = YES;
				GCC_WARN_UNUSED_VARIABLE = YES;
				IPHONEOS_DEPLOYMENT_TARGET = 9.0;
				MTL_ENABLE_DEBUG_INFO = NO;
				SDKROOT = iphoneos;
				VALIDATE_PRODUCT = YES;
			};
			name = Release;
		};
		56D5ECE22075F1DD004C6575 /* Debug */ = {
			isa = XCBuildConfiguration;
			baseConfigurationReference = 4386C1B05D607B81EC7B75EE /* Pods-TaipeiParks.debug.xcconfig */;
			buildSettings = {
				ASSETCATALOG_COMPILER_APPICON_NAME = AppIcon;
				DEVELOPMENT_TEAM = C4QUM9F4K5;
				INFOPLIST_FILE = TaipeiParks/Info.plist;
				IPHONEOS_DEPLOYMENT_TARGET = 9.0;
				LD_RUNPATH_SEARCH_PATHS = "$(inherited) @executable_path/Frameworks";
				PRODUCT_BUNDLE_IDENTIFIER = KKStream.TaipeiParks;
				PRODUCT_NAME = "$(TARGET_NAME)";
			};
			name = Debug;
		};
		56D5ECE32075F1DD004C6575 /* Release */ = {
			isa = XCBuildConfiguration;
			baseConfigurationReference = 1572FAECE87B3AB948E953FB /* Pods-TaipeiParks.release.xcconfig */;
			buildSettings = {
				ASSETCATALOG_COMPILER_APPICON_NAME = AppIcon;
				DEVELOPMENT_TEAM = C4QUM9F4K5;
				INFOPLIST_FILE = TaipeiParks/Info.plist;
				IPHONEOS_DEPLOYMENT_TARGET = 9.0;
				LD_RUNPATH_SEARCH_PATHS = "$(inherited) @executable_path/Frameworks";
				PRODUCT_BUNDLE_IDENTIFIER = KKStream.TaipeiParks;
				PRODUCT_NAME = "$(TARGET_NAME)";
			};
			name = Release;
		};
/* End XCBuildConfiguration section */

/* Begin XCConfigurationList section */
		56D5ECC52075F1DC004C6575 /* Build configuration list for PBXProject "TaipeiParks" */ = {
			isa = XCConfigurationList;
			buildConfigurations = (
				56D5ECDF2075F1DD004C6575 /* Debug */,
				56D5ECE02075F1DD004C6575 /* Release */,
			);
			defaultConfigurationIsVisible = 0;
			defaultConfigurationName = Release;
		};
		56D5ECE12075F1DD004C6575 /* Build configuration list for PBXNativeTarget "TaipeiParks" */ = {
			isa = XCConfigurationList;
			buildConfigurations = (
				56D5ECE22075F1DD004C6575 /* Debug */,
				56D5ECE32075F1DD004C6575 /* Release */,
			);
			defaultConfigurationIsVisible = 0;
			defaultConfigurationName = Release;
		};
/* End XCConfigurationList section */
	};
	rootObject = 56D5ECC22075F1DC004C6575 /* Project object */;
}
